
Microsoft Visual Studio Solution File, Format Version 12.00
# Visual Studio Version 16
VisualStudioVersion = 16.0.29411.108
MinimumVisualStudioVersion = 10.0.40219.1
Project("{FAE04EC0-301F-11D3-BF4B-00C04F79EFBC}") = "Lab7", "Lab7.csproj", "{12573F41-76B6-4446-B95A-A37530DDC6D6}"
EndProject
Global
	GlobalSection(SolutionConfigurationPlatforms) = preSolution
		Debug|Any CPU = Debug|Any CPU
		Release|Any CPU = Release|Any CPU
	EndGlobalSection
	GlobalSection(ProjectConfigurationPlatforms) = postSolution
		{12573F41-76B6-4446-B95A-A37530DDC6D6}.Debug|Any CPU.ActiveCfg = Debug|Any CPU
		{12573F41-76B6-4446-B95A-A37530DDC6D6}.Debug|Any CPU.Build.0 = Debug|Any CPU
		{12573F41-76B6-4446-B95A-A37530DDC6D6}.Release|Any CPU.ActiveCfg = Release|Any CPU
		{12573F41-76B6-4446-B95A-A37530DDC6D6}.Release|Any CPU.Build.0 = Release|Any CPU
	EndGlobalSection
	GlobalSection(SolutionProperties) = preSolution
		HideSolutionNode = FALSE
	EndGlobalSection
	GlobalSection(ExtensibilityGlobals) = postSolution
		SolutionGuid = {1B5EAF27-FA3F-48E9-8F02-C2F1CD3A1F3D}
	EndGlobalSection
EndGlobal
